
Microsoft Visual Studio Solution File, Format Version 12.00
# Visual Studio Version 17
VisualStudioVersion = 17.4.33205.214
MinimumVisualStudioVersion = 10.0.40219.1
Project("{FAE04EC0-301F-11D3-BF4B-00C04F79EFBC}") = "Assignment1", "Assignment1.csproj", "{3914E8D4-EE18-48EC-8720-D1E39D674326}"
EndProject
Global
	GlobalSection(SolutionConfigurationPlatforms) = preSolution
		Debug|Any CPU = Debug|Any CPU
		Release|Any CPU = Release|Any CPU
	EndGlobalSection
	GlobalSection(ProjectConfigurationPlatforms) = postSolution
		{3914E8D4-EE18-48EC-8720-D1E39D674326}.Debug|Any CPU.ActiveCfg = Debug|Any CPU
		{3914E8D4-EE18-48EC-8720-D1E39D674326}.Debug|Any CPU.Build.0 = Debug|Any CPU
		{3914E8D4-EE18-48EC-8720-D1E39D674326}.Release|Any CPU.ActiveCfg = Release|Any CPU
		{3914E8D4-EE18-48EC-8720-D1E39D674326}.Release|Any CPU.Build.0 = Release|Any CPU
	EndGlobalSection
	GlobalSection(SolutionProperties) = preSolution
		HideSolutionNode = FALSE
	EndGlobalSection
	GlobalSection(ExtensibilityGlobals) = postSolution
		SolutionGuid = {FFCEF00A-DB53-4851-A980-8B1AAC5B8DEF}
	EndGlobalSection
EndGlobal
